// !$*UTF8*$!
{
	archiveVersion = 1;
	classes = {
	};
	objectVersion = 56;
	objects = {

/* Begin PBXBuildFile section */
		6D12488D2A2E7608003B4A03 /* README.md in Resources */ = {isa = PBXBuildFile; fileRef = 6D12488C2A2E7608003B4A03 /* README.md */; };
		6D12488E2A2E7637003B4A03 /* README.md in Resources */ = {isa = PBXBuildFile; fileRef = 6DF328992A15D29800D6EB8E /* README.md */; };
		6D1248902A2F9D21003B4A03 /* README.md in Resources */ = {isa = PBXBuildFile; fileRef = 6D12488F2A2F9D21003B4A03 /* README.md */; };
		6D2399E329EDD57700C12C0D /* AppDelegate.swift in Sources */ = {isa = PBXBuildFile; fileRef = 6D2399E229EDD57700C12C0D /* AppDelegate.swift */; };
		6D2399E529EDD57700C12C0D /* SceneDelegate.swift in Sources */ = {isa = PBXBuildFile; fileRef = 6D2399E429EDD57700C12C0D /* SceneDelegate.swift */; };
		6D2399EA29EDD57700C12C0D /* Main.storyboard in Resources */ = {isa = PBXBuildFile; fileRef = 6D2399E829EDD57700C12C0D /* Main.storyboard */; };
		6D2399EC29EDD57800C12C0D /* Assets.xcassets in Resources */ = {isa = PBXBuildFile; fileRef = 6D2399EB29EDD57800C12C0D /* Assets.xcassets */; };
		6D2399EF29EDD57800C12C0D /* LaunchScreen.storyboard in Resources */ = {isa = PBXBuildFile; fileRef = 6D2399ED29EDD57800C12C0D /* LaunchScreen.storyboard */; };
		6D6C41DC2A26D85700926B26 /* NetflixTableVC.swift in Sources */ = {isa = PBXBuildFile; fileRef = 6D6C41DB2A26D85700926B26 /* NetflixTableVC.swift */; };
		6D6C41DE2A27AA1700926B26 /* NetflixEntity.swift in Sources */ = {isa = PBXBuildFile; fileRef = 6D6C41DD2A27AA1700926B26 /* NetflixEntity.swift */; };
		6DCC62232A1C83AF00B212C5 /* CustomView.swift in Sources */ = {isa = PBXBuildFile; fileRef = 6DCC62222A1C83AF00B212C5 /* CustomView.swift */; };
		6DCC62282A1C83F700B212C5 /* InfoCardCell.swift in Sources */ = {isa = PBXBuildFile; fileRef = 6DCC62262A1C83F700B212C5 /* InfoCardCell.swift */; };
		6DCC62292A1C83F700B212C5 /* InfoCardCell.xib in Resources */ = {isa = PBXBuildFile; fileRef = 6DCC62272A1C83F700B212C5 /* InfoCardCell.xib */; };
		6DCC622C2A1C956600B212C5 /* MyModel.swift in Sources */ = {isa = PBXBuildFile; fileRef = 6DCC622B2A1C956600B212C5 /* MyModel.swift */; };
		6DCC622E2A1C9D0000B212C5 /* ColapseTableVC.swift in Sources */ = {isa = PBXBuildFile; fileRef = 6DCC622D2A1C9D0000B212C5 /* ColapseTableVC.swift */; };
		6DCC62322A1C9D2300B212C5 /* ColapseTable.storyboard in Resources */ = {isa = PBXBuildFile; fileRef = 6DCC62312A1C9D2300B212C5 /* ColapseTable.storyboard */; };
		6DCC63E72A1FCEF900B212C5 /* ghmjolnircore.xcframework in Frameworks */ = {isa = PBXBuildFile; fileRef = 6DCC63E62A1FCEF900B212C5 /* ghmjolnircore.xcframework */; };
		6DEC2F052A13F4B70049E580 /* HomeVC.swift in Sources */ = {isa = PBXBuildFile; fileRef = 6DEC2F042A13F4B70049E580 /* HomeVC.swift */; };
		6DEC2F082A13F5880049E580 /* SimpleTableVC.swift in Sources */ = {isa = PBXBuildFile; fileRef = 6DEC2F072A13F5880049E580 /* SimpleTableVC.swift */; };
		6DEC2F0C2A13F6590049E580 /* SimpleCell.swift in Sources */ = {isa = PBXBuildFile; fileRef = 6DEC2F0A2A13F6590049E580 /* SimpleCell.swift */; };
		6DEC2F0D2A13F6590049E580 /* SimpleCell.xib in Resources */ = {isa = PBXBuildFile; fileRef = 6DEC2F0B2A13F6590049E580 /* SimpleCell.xib */; };
		6DEC2F0F2A13F7020049E580 /* SimpleList.storyboard in Resources */ = {isa = PBXBuildFile; fileRef = 6DEC2F0E2A13F7020049E580 /* SimpleList.storyboard */; };
		6DEC2F142A13F8120049E580 /* SimpleEntity.swift in Sources */ = {isa = PBXBuildFile; fileRef = 6DEC2F132A13F8120049E580 /* SimpleEntity.swift */; };
		6DF328942A15CC4300D6EB8E /* TinyConstraints in Frameworks */ = {isa = PBXBuildFile; productRef = 6DF328932A15CC4300D6EB8E /* TinyConstraints */; };
		6DF328982A15D10800D6EB8E /* UIImage+Extension.swift in Sources */ = {isa = PBXBuildFile; fileRef = 6DF328972A15D10800D6EB8E /* UIImage+Extension.swift */; };
		6DF3289B2A15E6B600D6EB8E /* UIViewController+Extension.swift in Sources */ = {isa = PBXBuildFile; fileRef = 6DF3289A2A15E6B600D6EB8E /* UIViewController+Extension.swift */; };
		6DF329EF2A1C1CD100D6EB8E /* HeaderTableVC.swift in Sources */ = {isa = PBXBuildFile; fileRef = 6DF329EE2A1C1CD100D6EB8E /* HeaderTableVC.swift */; };
		6DF329F12A1C801D00D6EB8E /* HeaderTable.storyboard in Resources */ = {isa = PBXBuildFile; fileRef = 6DF329F02A1C801D00D6EB8E /* HeaderTable.storyboard */; };
/* End PBXBuildFile section */

/* Begin PBXCopyFilesBuildPhase section */
		6DCC63E42A1FC42E00B212C5 /* Embed Frameworks */ = {
			isa = PBXCopyFilesBuildPhase;
			buildActionMask = 2147483647;
			dstPath = "";
			dstSubfolderSpec = 10;
			files = (
			);
			name = "Embed Frameworks";
			runOnlyForDeploymentPostprocessing = 0;
		};
/* End PBXCopyFilesBuildPhase section */

/* Begin PBXFileReference section */
		6D12488C2A2E7608003B4A03 /* README.md */ = {isa = PBXFileReference; lastKnownFileType = net.daringfireball.markdown; path = README.md; sourceTree = "<group>"; };
		6D12488F2A2F9D21003B4A03 /* README.md */ = {isa = PBXFileReference; lastKnownFileType = net.daringfireball.markdown; path = README.md; sourceTree = "<group>"; };
		6D2399DF29EDD57700C12C0D /* strategy-tutorial.app */ = {isa = PBXFileReference; explicitFileType = wrapper.application; includeInIndex = 0; path = "strategy-tutorial.app"; sourceTree = BUILT_PRODUCTS_DIR; };
		6D2399E229EDD57700C12C0D /* AppDelegate.swift */ = {isa = PBXFileReference; lastKnownFileType = sourcecode.swift; path = AppDelegate.swift; sourceTree = "<group>"; };
		6D2399E429EDD57700C12C0D /* SceneDelegate.swift */ = {isa = PBXFileReference; lastKnownFileType = sourcecode.swift; path = SceneDelegate.swift; sourceTree = "<group>"; };
		6D2399E929EDD57700C12C0D /* Base */ = {isa = PBXFileReference; lastKnownFileType = file.storyboard; name = Base; path = Base.lproj/Main.storyboard; sourceTree = "<group>"; };
		6D2399EB29EDD57800C12C0D /* Assets.xcassets */ = {isa = PBXFileReference; lastKnownFileType = folder.assetcatalog; path = Assets.xcassets; sourceTree = "<group>"; };
		6D2399EE29EDD57800C12C0D /* Base */ = {isa = PBXFileReference; lastKnownFileType = file.storyboard; name = Base; path = Base.lproj/LaunchScreen.storyboard; sourceTree = "<group>"; };
		6D2399F029EDD57800C12C0D /* Info.plist */ = {isa = PBXFileReference; lastKnownFileType = text.plist.xml; path = Info.plist; sourceTree = "<group>"; };
		6D6C41DB2A26D85700926B26 /* NetflixTableVC.swift */ = {isa = PBXFileReference; lastKnownFileType = sourcecode.swift; path = NetflixTableVC.swift; sourceTree = "<group>"; };
		6D6C41DD2A27AA1700926B26 /* NetflixEntity.swift */ = {isa = PBXFileReference; lastKnownFileType = sourcecode.swift; path = NetflixEntity.swift; sourceTree = "<group>"; };
		6DCC62222A1C83AF00B212C5 /* CustomView.swift */ = {isa = PBXFileReference; lastKnownFileType = sourcecode.swift; path = CustomView.swift; sourceTree = "<group>"; };
		6DCC62262A1C83F700B212C5 /* InfoCardCell.swift */ = {isa = PBXFileReference; lastKnownFileType = sourcecode.swift; path = InfoCardCell.swift; sourceTree = "<group>"; };
		6DCC62272A1C83F700B212C5 /* InfoCardCell.xib */ = {isa = PBXFileReference; lastKnownFileType = file.xib; path = InfoCardCell.xib; sourceTree = "<group>"; };
		6DCC622B2A1C956600B212C5 /* MyModel.swift */ = {isa = PBXFileReference; lastKnownFileType = sourcecode.swift; path = MyModel.swift; sourceTree = "<group>"; };
		6DCC622D2A1C9D0000B212C5 /* ColapseTableVC.swift */ = {isa = PBXFileReference; lastKnownFileType = sourcecode.swift; path = ColapseTableVC.swift; sourceTree = "<group>"; };
		6DCC62312A1C9D2300B212C5 /* ColapseTable.storyboard */ = {isa = PBXFileReference; lastKnownFileType = file.storyboard; path = ColapseTable.storyboard; sourceTree = "<group>"; };
		6DCC63E62A1FCEF900B212C5 /* ghmjolnircore.xcframework */ = {isa = PBXFileReference; lastKnownFileType = wrapper.xcframework; path = ghmjolnircore.xcframework; sourceTree = "<group>"; };
		6DEC2F042A13F4B70049E580 /* HomeVC.swift */ = {isa = PBXFileReference; lastKnownFileType = sourcecode.swift; path = HomeVC.swift; sourceTree = "<group>"; };
		6DEC2F072A13F5880049E580 /* SimpleTableVC.swift */ = {isa = PBXFileReference; lastKnownFileType = sourcecode.swift; path = SimpleTableVC.swift; sourceTree = "<group>"; };
		6DEC2F0A2A13F6590049E580 /* SimpleCell.swift */ = {isa = PBXFileReference; lastKnownFileType = sourcecode.swift; path = SimpleCell.swift; sourceTree = "<group>"; };
		6DEC2F0B2A13F6590049E580 /* SimpleCell.xib */ = {isa = PBXFileReference; lastKnownFileType = file.xib; path = SimpleCell.xib; sourceTree = "<group>"; };
		6DEC2F0E2A13F7020049E580 /* SimpleList.storyboard */ = {isa = PBXFileReference; lastKnownFileType = file.storyboard; path = SimpleList.storyboard; sourceTree = "<group>"; };
		6DEC2F132A13F8120049E580 /* SimpleEntity.swift */ = {isa = PBXFileReference; lastKnownFileType = sourcecode.swift; path = SimpleEntity.swift; sourceTree = "<group>"; };
		6DF328972A15D10800D6EB8E /* UIImage+Extension.swift */ = {isa = PBXFileReference; lastKnownFileType = sourcecode.swift; path = "UIImage+Extension.swift"; sourceTree = "<group>"; };
		6DF328992A15D29800D6EB8E /* README.md */ = {isa = PBXFileReference; lastKnownFileType = net.daringfireball.markdown; path = README.md; sourceTree = "<group>"; };
		6DF3289A2A15E6B600D6EB8E /* UIViewController+Extension.swift */ = {isa = PBXFileReference; lastKnownFileType = sourcecode.swift; path = "UIViewController+Extension.swift"; sourceTree = "<group>"; };
		6DF329EE2A1C1CD100D6EB8E /* HeaderTableVC.swift */ = {isa = PBXFileReference; lastKnownFileType = sourcecode.swift; path = HeaderTableVC.swift; sourceTree = "<group>"; };
		6DF329F02A1C801D00D6EB8E /* HeaderTable.storyboard */ = {isa = PBXFileReference; lastKnownFileType = file.storyboard; path = HeaderTable.storyboard; sourceTree = "<group>"; };
/* End PBXFileReference section */

/* Begin PBXFrameworksBuildPhase section */
		6D2399DC29EDD57700C12C0D /* Frameworks */ = {
			isa = PBXFrameworksBuildPhase;
			buildActionMask = 2147483647;
			files = (
				6DF328942A15CC4300D6EB8E /* TinyConstraints in Frameworks */,
				6DCC63E72A1FCEF900B212C5 /* ghmjolnircore.xcframework in Frameworks */,
			);
			runOnlyForDeploymentPostprocessing = 0;
		};
/* End PBXFrameworksBuildPhase section */

/* Begin PBXGroup section */
		6D2399D629EDD57700C12C0D = {
			isa = PBXGroup;
			children = (
				6DCC63E62A1FCEF900B212C5 /* ghmjolnircore.xcframework */,
				6D2399E129EDD57700C12C0D /* strategy-tutorial */,
				6D2399E029EDD57700C12C0D /* Products */,
				6DCC63E12A1FC42D00B212C5 /* Frameworks */,
			);
			sourceTree = "<group>";
		};
		6D2399E029EDD57700C12C0D /* Products */ = {
			isa = PBXGroup;
			children = (
				6D2399DF29EDD57700C12C0D /* strategy-tutorial.app */,
			);
			name = Products;
			sourceTree = "<group>";
		};
		6D2399E129EDD57700C12C0D /* strategy-tutorial */ = {
			isa = PBXGroup;
			children = (
				6D12488F2A2F9D21003B4A03 /* README.md */,
				6D239A0629EDDF4300C12C0D /* Start */,
				6D239A0829EDDF7E00C12C0D /* Launch */,
				6DF328952A15D0E300D6EB8E /* Commons */,
				6D239A0529EDDF3300C12C0D /* Secctions */,
				6D239A0929EDDF8900C12C0D /* Resources */,
			);
			path = "strategy-tutorial";
			sourceTree = "<group>";
		};
		6D239A0529EDDF3300C12C0D /* Secctions */ = {
			isa = PBXGroup;
			children = (
				6D2399E829EDD57700C12C0D /* Main.storyboard */,
				6D239A0729EDDF5600C12C0D /* Home */,
				6DCC62332A1CA01800B212C5 /* NetflixTableVC */,
				6DEC2F062A13F5620049E580 /* SimpleTableVC */,
				6DF329ED2A1C1CA900D6EB8E /* HeaderTableVC */,
				6DF3289C2A167D5600D6EB8E /* ColapseTableVC */,
			);
			path = Secctions;
			sourceTree = "<group>";
		};
		6D239A0629EDDF4300C12C0D /* Start */ = {
			isa = PBXGroup;
			children = (
				6D2399E229EDD57700C12C0D /* AppDelegate.swift */,
				6D2399E429EDD57700C12C0D /* SceneDelegate.swift */,
			);
			path = Start;
			sourceTree = "<group>";
		};
		6D239A0729EDDF5600C12C0D /* Home */ = {
			isa = PBXGroup;
			children = (
				6DEC2F042A13F4B70049E580 /* HomeVC.swift */,
			);
			path = Home;
			sourceTree = "<group>";
		};
		6D239A0829EDDF7E00C12C0D /* Launch */ = {
			isa = PBXGroup;
			children = (
				6D2399ED29EDD57800C12C0D /* LaunchScreen.storyboard */,
			);
			path = Launch;
			sourceTree = "<group>";
		};
		6D239A0929EDDF8900C12C0D /* Resources */ = {
			isa = PBXGroup;
			children = (
				6D2399EB29EDD57800C12C0D /* Assets.xcassets */,
				6D2399F029EDD57800C12C0D /* Info.plist */,
			);
			path = Resources;
			sourceTree = "<group>";
		};
		6DCC62212A1C835200B212C5 /* IBDesignables */ = {
			isa = PBXGroup;
			children = (
				6DCC62222A1C83AF00B212C5 /* CustomView.swift */,
			);
			path = IBDesignables;
			sourceTree = "<group>";
		};
		6DCC62242A1C83C800B212C5 /* Cells */ = {
			isa = PBXGroup;
			children = (
				6DCC62252A1C83D600B212C5 /* InfoCardCell */,
			);
			path = Cells;
			sourceTree = "<group>";
		};
		6DCC62252A1C83D600B212C5 /* InfoCardCell */ = {
			isa = PBXGroup;
			children = (
				6DCC62262A1C83F700B212C5 /* InfoCardCell.swift */,
				6DCC62272A1C83F700B212C5 /* InfoCardCell.xib */,
			);
			path = InfoCardCell;
			sourceTree = "<group>";
		};
		6DCC622A2A1C955100B212C5 /* Entity */ = {
			isa = PBXGroup;
			children = (
				6DCC622B2A1C956600B212C5 /* MyModel.swift */,
			);
			path = Entity;
			sourceTree = "<group>";
		};
		6DCC622F2A1C9D0F00B212C5 /* Controller */ = {
			isa = PBXGroup;
			children = (
				6DCC622D2A1C9D0000B212C5 /* ColapseTableVC.swift */,
			);
			path = Controller;
			sourceTree = "<group>";
		};
		6DCC62302A1C9D1100B212C5 /* View */ = {
			isa = PBXGroup;
			children = (
				6DCC62312A1C9D2300B212C5 /* ColapseTable.storyboard */,
			);
			path = View;
			sourceTree = "<group>";
		};
		6DCC62332A1CA01800B212C5 /* NetflixTableVC */ = {
			isa = PBXGroup;
			children = (
				6DCC62362A1CA04900B212C5 /* Entity */,
				6DCC62352A1CA03F00B212C5 /* View */,
				6DCC62342A1CA03C00B212C5 /* Controller */,
			);
			path = NetflixTableVC;
			sourceTree = "<group>";
		};
		6DCC62342A1CA03C00B212C5 /* Controller */ = {
			isa = PBXGroup;
			children = (
				6DCC62372A1CA05C00B212C5 /* Cells */,
				6D6C41DB2A26D85700926B26 /* NetflixTableVC.swift */,
			);
			path = Controller;
			sourceTree = "<group>";
		};
		6DCC62352A1CA03F00B212C5 /* View */ = {
			isa = PBXGroup;
			children = (
			);
			path = View;
			sourceTree = "<group>";
		};
		6DCC62362A1CA04900B212C5 /* Entity */ = {
			isa = PBXGroup;
			children = (
				6D6C41DD2A27AA1700926B26 /* NetflixEntity.swift */,
			);
			path = Entity;
			sourceTree = "<group>";
		};
		6DCC62372A1CA05C00B212C5 /* Cells */ = {
			isa = PBXGroup;
			children = (
				6DCC62392A1CA06D00B212C5 /* Row */,
				6DCC623A2A1CA07B00B212C5 /* Section */,
				6DCC62382A1CA06A00B212C5 /* Collection */,
			);
			path = Cells;
			sourceTree = "<group>";
		};
		6DCC62382A1CA06A00B212C5 /* Collection */ = {
			isa = PBXGroup;
			children = (
			);
			path = Collection;
			sourceTree = "<group>";
		};
		6DCC62392A1CA06D00B212C5 /* Row */ = {
			isa = PBXGroup;
			children = (
			);
			path = Row;
			sourceTree = "<group>";
		};
		6DCC623A2A1CA07B00B212C5 /* Section */ = {
			isa = PBXGroup;
			children = (
			);
			path = Section;
			sourceTree = "<group>";
		};
		6DCC63E12A1FC42D00B212C5 /* Frameworks */ = {
			isa = PBXGroup;
			children = (
			);
			name = Frameworks;
			sourceTree = "<group>";
		};
		6DEC2F062A13F5620049E580 /* SimpleTableVC */ = {
			isa = PBXGroup;
			children = (
				6DF328992A15D29800D6EB8E /* README.md */,
				6DEC2F122A13F7A10049E580 /* Entity */,
				6DEC2F102A13F7340049E580 /* View */,
				6DEC2F112A13F7760049E580 /* Controller */,
			);
			path = SimpleTableVC;
			sourceTree = "<group>";
		};
		6DEC2F092A13F6270049E580 /* Cell */ = {
			isa = PBXGroup;
			children = (
				6DEC2F0A2A13F6590049E580 /* SimpleCell.swift */,
				6DEC2F0B2A13F6590049E580 /* SimpleCell.xib */,
			);
			path = Cell;
			sourceTree = "<group>";
		};
		6DEC2F102A13F7340049E580 /* View */ = {
			isa = PBXGroup;
			children = (
				6DEC2F0E2A13F7020049E580 /* SimpleList.storyboard */,
			);
			path = View;
			sourceTree = "<group>";
		};
		6DEC2F112A13F7760049E580 /* Controller */ = {
			isa = PBXGroup;
			children = (
				6DEC2F092A13F6270049E580 /* Cell */,
				6DEC2F072A13F5880049E580 /* SimpleTableVC.swift */,
			);
			path = Controller;
			sourceTree = "<group>";
		};
		6DEC2F122A13F7A10049E580 /* Entity */ = {
			isa = PBXGroup;
			children = (
				6DEC2F132A13F8120049E580 /* SimpleEntity.swift */,
			);
			path = Entity;
			sourceTree = "<group>";
		};
		6DF328952A15D0E300D6EB8E /* Commons */ = {
			isa = PBXGroup;
			children = (
				6DCC62212A1C835200B212C5 /* IBDesignables */,
				6DF328962A15D0EB00D6EB8E /* UI+Extensions */,
			);
			path = Commons;
			sourceTree = "<group>";
		};
		6DF328962A15D0EB00D6EB8E /* UI+Extensions */ = {
			isa = PBXGroup;
			children = (
				6DF328972A15D10800D6EB8E /* UIImage+Extension.swift */,
				6DF3289A2A15E6B600D6EB8E /* UIViewController+Extension.swift */,
			);
			path = "UI+Extensions";
			sourceTree = "<group>";
		};
		6DF3289C2A167D5600D6EB8E /* ColapseTableVC */ = {
			isa = PBXGroup;
			children = (
				6DCC62302A1C9D1100B212C5 /* View */,
				6DCC622F2A1C9D0F00B212C5 /* Controller */,
			);
			path = ColapseTableVC;
			sourceTree = "<group>";
		};
		6DF329ED2A1C1CA900D6EB8E /* HeaderTableVC */ = {
			isa = PBXGroup;
			children = (
				6D12488C2A2E7608003B4A03 /* README.md */,
				6DCC622A2A1C955100B212C5 /* Entity */,
				6DF329F22A1C80B000D6EB8E /* View */,
				6DF329F32A1C80B500D6EB8E /* Controller */,
			);
			path = HeaderTableVC;
			sourceTree = "<group>";
		};
		6DF329F22A1C80B000D6EB8E /* View */ = {
			isa = PBXGroup;
			children = (
				6DF329F02A1C801D00D6EB8E /* HeaderTable.storyboard */,
			);
			path = View;
			sourceTree = "<group>";
		};
		6DF329F32A1C80B500D6EB8E /* Controller */ = {
			isa = PBXGroup;
			children = (
				6DCC62242A1C83C800B212C5 /* Cells */,
				6DF329EE2A1C1CD100D6EB8E /* HeaderTableVC.swift */,
			);
			path = Controller;
			sourceTree = "<group>";
		};
/* End PBXGroup section */

/* Begin PBXNativeTarget section */
		6D2399DE29EDD57700C12C0D /* strategy-tutorial */ = {
			isa = PBXNativeTarget;
			buildConfigurationList = 6D2399F329EDD57800C12C0D /* Build configuration list for PBXNativeTarget "strategy-tutorial" */;
			buildPhases = (
				6D2399DB29EDD57700C12C0D /* Sources */,
				6D2399DC29EDD57700C12C0D /* Frameworks */,
				6D2399DD29EDD57700C12C0D /* Resources */,
				6DCC63E42A1FC42E00B212C5 /* Embed Frameworks */,
			);
			buildRules = (
			);
			dependencies = (
			);
			name = "strategy-tutorial";
			packageProductDependencies = (
				6DF328932A15CC4300D6EB8E /* TinyConstraints */,
			);
			productName = "strategy-tutorial";
			productReference = 6D2399DF29EDD57700C12C0D /* strategy-tutorial.app */;
			productType = "com.apple.product-type.application";
		};
/* End PBXNativeTarget section */

/* Begin PBXProject section */
		6D2399D729EDD57700C12C0D /* Project object */ = {
			isa = PBXProject;
			attributes = {
				BuildIndependentTargetsInParallel = 1;
				LastSwiftUpdateCheck = 1420;
				LastUpgradeCheck = 1420;
				TargetAttributes = {
					6D2399DE29EDD57700C12C0D = {
						CreatedOnToolsVersion = 14.2;
					};
				};
			};
			buildConfigurationList = 6D2399DA29EDD57700C12C0D /* Build configuration list for PBXProject "strategy-tutorial" */;
			compatibilityVersion = "Xcode 14.0";
			developmentRegion = en;
			hasScannedForEncodings = 0;
			knownRegions = (
				en,
				Base,
			);
			mainGroup = 6D2399D629EDD57700C12C0D;
			packageReferences = (
				6DF328922A15CC4300D6EB8E /* XCRemoteSwiftPackageReference "TinyConstraints" */,
			);
			productRefGroup = 6D2399E029EDD57700C12C0D /* Products */;
			projectDirPath = "";
			projectRoot = "";
			targets = (
				6D2399DE29EDD57700C12C0D /* strategy-tutorial */,
			);
		};
/* End PBXProject section */

/* Begin PBXResourcesBuildPhase section */
		6D2399DD29EDD57700C12C0D /* Resources */ = {
			isa = PBXResourcesBuildPhase;
			buildActionMask = 2147483647;
			files = (
				6DCC62292A1C83F700B212C5 /* InfoCardCell.xib in Resources */,
				6DF329F12A1C801D00D6EB8E /* HeaderTable.storyboard in Resources */,
				6D12488E2A2E7637003B4A03 /* README.md in Resources */,
				6D2399EF29EDD57800C12C0D /* LaunchScreen.storyboard in Resources */,
				6DEC2F0D2A13F6590049E580 /* SimpleCell.xib in Resources */,
				6D2399EC29EDD57800C12C0D /* Assets.xcassets in Resources */,
				6DCC62322A1C9D2300B212C5 /* ColapseTable.storyboard in Resources */,
				6D12488D2A2E7608003B4A03 /* README.md in Resources */,
				6D2399EA29EDD57700C12C0D /* Main.storyboard in Resources */,
				6D1248902A2F9D21003B4A03 /* README.md in Resources */,
				6DEC2F0F2A13F7020049E580 /* SimpleList.storyboard in Resources */,
			);
			runOnlyForDeploymentPostprocessing = 0;
		};
/* End PBXResourcesBuildPhase section */

/* Begin PBXSourcesBuildPhase section */
		6D2399DB29EDD57700C12C0D /* Sources */ = {
			isa = PBXSourcesBuildPhase;
			buildActionMask = 2147483647;
			files = (
				6DF3289B2A15E6B600D6EB8E /* UIViewController+Extension.swift in Sources */,
				6DCC622E2A1C9D0000B212C5 /* ColapseTableVC.swift in Sources */,
				6D6C41DC2A26D85700926B26 /* NetflixTableVC.swift in Sources */,
				6D2399E329EDD57700C12C0D /* AppDelegate.swift in Sources */,
				6DF329EF2A1C1CD100D6EB8E /* HeaderTableVC.swift in Sources */,
				6DF328982A15D10800D6EB8E /* UIImage+Extension.swift in Sources */,
				6DEC2F052A13F4B70049E580 /* HomeVC.swift in Sources */,
				6DCC62232A1C83AF00B212C5 /* CustomView.swift in Sources */,
				6DEC2F142A13F8120049E580 /* SimpleEntity.swift in Sources */,
				6DCC622C2A1C956600B212C5 /* MyModel.swift in Sources */,
				6D2399E529EDD57700C12C0D /* SceneDelegate.swift in Sources */,
				6D6C41DE2A27AA1700926B26 /* NetflixEntity.swift in Sources */,
				6DEC2F0C2A13F6590049E580 /* SimpleCell.swift in Sources */,
				6DCC62282A1C83F700B212C5 /* InfoCardCell.swift in Sources */,
				6DEC2F082A13F5880049E580 /* SimpleTableVC.swift in Sources */,
			);
			runOnlyForDeploymentPostprocessing = 0;
		};
/* End PBXSourcesBuildPhase section */

/* Begin PBXVariantGroup section */
		6D2399E829EDD57700C12C0D /* Main.storyboard */ = {
			isa = PBXVariantGroup;
			children = (
				6D2399E929EDD57700C12C0D /* Base */,
			);
			name = Main.storyboard;
			sourceTree = "<group>";
		};
		6D2399ED29EDD57800C12C0D /* LaunchScreen.storyboard */ = {
			isa = PBXVariantGroup;
			children = (
				6D2399EE29EDD57800C12C0D /* Base */,
			);
			name = LaunchScreen.storyboard;
			sourceTree = "<group>";
		};
/* End PBXVariantGroup section */

/* Begin XCBuildConfiguration section */
		6D2399F129EDD57800C12C0D /* Debug */ = {
			isa = XCBuildConfiguration;
			buildSettings = {
				ALWAYS_SEARCH_USER_PATHS = NO;
				CLANG_ANALYZER_NONNULL = YES;
				CLANG_ANALYZER_NUMBER_OBJECT_CONVERSION = YES_AGGRESSIVE;
				CLANG_CXX_LANGUAGE_STANDARD = "gnu++20";
				CLANG_ENABLE_MODULES = YES;
				CLANG_ENABLE_OBJC_ARC = YES;
				CLANG_ENABLE_OBJC_WEAK = YES;
				CLANG_WARN_BLOCK_CAPTURE_AUTORELEASING = YES;
				CLANG_WARN_BOOL_CONVERSION = YES;
				CLANG_WARN_COMMA = YES;
				CLANG_WARN_CONSTANT_CONVERSION = YES;
				CLANG_WARN_DEPRECATED_OBJC_IMPLEMENTATIONS = YES;
				CLANG_WARN_DIRECT_OBJC_ISA_USAGE = YES_ERROR;
				CLANG_WARN_DOCUMENTATION_COMMENTS = YES;
				CLANG_WARN_EMPTY_BODY = YES;
				CLANG_WARN_ENUM_CONVERSION = YES;
				CLANG_WARN_INFINITE_RECURSION = YES;
				CLANG_WARN_INT_CONVERSION = YES;
				CLANG_WARN_NON_LITERAL_NULL_CONVERSION = YES;
				CLANG_WARN_OBJC_IMPLICIT_RETAIN_SELF = YES;
				CLANG_WARN_OBJC_LITERAL_CONVERSION = YES;
				CLANG_WARN_OBJC_ROOT_CLASS = YES_ERROR;
				CLANG_WARN_QUOTED_INCLUDE_IN_FRAMEWORK_HEADER = YES;
				CLANG_WARN_RANGE_LOOP_ANALYSIS = YES;
				CLANG_WARN_STRICT_PROTOTYPES = YES;
				CLANG_WARN_SUSPICIOUS_MOVE = YES;
				CLANG_WARN_UNGUARDED_AVAILABILITY = YES_AGGRESSIVE;
				CLANG_WARN_UNREACHABLE_CODE = YES;
				CLANG_WARN__DUPLICATE_METHOD_MATCH = YES;
				COPY_PHASE_STRIP = NO;
				DEBUG_INFORMATION_FORMAT = dwarf;
				ENABLE_STRICT_OBJC_MSGSEND = YES;
				ENABLE_TESTABILITY = YES;
				GCC_C_LANGUAGE_STANDARD = gnu11;
				GCC_DYNAMIC_NO_PIC = NO;
				GCC_NO_COMMON_BLOCKS = YES;
				GCC_OPTIMIZATION_LEVEL = 0;
				GCC_PREPROCESSOR_DEFINITIONS = (
					"DEBUG=1",
					"$(inherited)",
				);
				GCC_WARN_64_TO_32_BIT_CONVERSION = YES;
				GCC_WARN_ABOUT_RETURN_TYPE = YES_ERROR;
				GCC_WARN_UNDECLARED_SELECTOR = YES;
				GCC_WARN_UNINITIALIZED_AUTOS = YES_AGGRESSIVE;
				GCC_WARN_UNUSED_FUNCTION = YES;
				GCC_WARN_UNUSED_VARIABLE = YES;
				IPHONEOS_DEPLOYMENT_TARGET = 16.2;
				MTL_ENABLE_DEBUG_INFO = INCLUDE_SOURCE;
				MTL_FAST_MATH = YES;
				ONLY_ACTIVE_ARCH = YES;
				SDKROOT = iphoneos;
				SWIFT_ACTIVE_COMPILATION_CONDITIONS = DEBUG;
				SWIFT_OPTIMIZATION_LEVEL = "-Onone";
			};
			name = Debug;
		};
		6D2399F229EDD57800C12C0D /* Release */ = {
			isa = XCBuildConfiguration;
			buildSettings = {
				ALWAYS_SEARCH_USER_PATHS = NO;
				CLANG_ANALYZER_NONNULL = YES;
				CLANG_ANALYZER_NUMBER_OBJECT_CONVERSION = YES_AGGRESSIVE;
				CLANG_CXX_LANGUAGE_STANDARD = "gnu++20";
				CLANG_ENABLE_MODULES = YES;
				CLANG_ENABLE_OBJC_ARC = YES;
				CLANG_ENABLE_OBJC_WEAK = YES;
				CLANG_WARN_BLOCK_CAPTURE_AUTORELEASING = YES;
				CLANG_WARN_BOOL_CONVERSION = YES;
				CLANG_WARN_COMMA = YES;
				CLANG_WARN_CONSTANT_CONVERSION = YES;
				CLANG_WARN_DEPRECATED_OBJC_IMPLEMENTATIONS = YES;
				CLANG_WARN_DIRECT_OBJC_ISA_USAGE = YES_ERROR;
				CLANG_WARN_DOCUMENTATION_COMMENTS = YES;
				CLANG_WARN_EMPTY_BODY = YES;
				CLANG_WARN_ENUM_CONVERSION = YES;
				CLANG_WARN_INFINITE_RECURSION = YES;
				CLANG_WARN_INT_CONVERSION = YES;
				CLANG_WARN_NON_LITERAL_NULL_CONVERSION = YES;
				CLANG_WARN_OBJC_IMPLICIT_RETAIN_SELF = YES;
				CLANG_WARN_OBJC_LITERAL_CONVERSION = YES;
				CLANG_WARN_OBJC_ROOT_CLASS = YES_ERROR;
				CLANG_WARN_QUOTED_INCLUDE_IN_FRAMEWORK_HEADER = YES;
				CLANG_WARN_RANGE_LOOP_ANALYSIS = YES;
				CLANG_WARN_STRICT_PROTOTYPES = YES;
				CLANG_WARN_SUSPICIOUS_MOVE = YES;
				CLANG_WARN_UNGUARDED_AVAILABILITY = YES_AGGRESSIVE;
				CLANG_WARN_UNREACHABLE_CODE = YES;
				CLANG_WARN__DUPLICATE_METHOD_MATCH = YES;
				COPY_PHASE_STRIP = NO;
				DEBUG_INFORMATION_FORMAT = "dwarf-with-dsym";
				ENABLE_NS_ASSERTIONS = NO;
				ENABLE_STRICT_OBJC_MSGSEND = YES;
				GCC_C_LANGUAGE_STANDARD = gnu11;
				GCC_NO_COMMON_BLOCKS = YES;
				GCC_WARN_64_TO_32_BIT_CONVERSION = YES;
				GCC_WARN_ABOUT_RETURN_TYPE = YES_ERROR;
				GCC_WARN_UNDECLARED_SELECTOR = YES;
				GCC_WARN_UNINITIALIZED_AUTOS = YES_AGGRESSIVE;
				GCC_WARN_UNUSED_FUNCTION = YES;
				GCC_WARN_UNUSED_VARIABLE = YES;
				IPHONEOS_DEPLOYMENT_TARGET = 16.2;
				MTL_ENABLE_DEBUG_INFO = NO;
				MTL_FAST_MATH = YES;
				SDKROOT = iphoneos;
				SWIFT_COMPILATION_MODE = wholemodule;
				SWIFT_OPTIMIZATION_LEVEL = "-O";
				VALIDATE_PRODUCT = YES;
			};
			name = Release;
		};
		6D2399F429EDD57800C12C0D /* Debug */ = {
			isa = XCBuildConfiguration;
			buildSettings = {
				ASSETCATALOG_COMPILER_APPICON_NAME = AppIcon;
				ASSETCATALOG_COMPILER_GLOBAL_ACCENT_COLOR_NAME = AccentColor;
				CODE_SIGN_STYLE = Automatic;
				CURRENT_PROJECT_VERSION = 1;
				DEVELOPMENT_TEAM = QA93CB9DN5;
				GENERATE_INFOPLIST_FILE = YES;
				INFOPLIST_FILE = "strategy-tutorial/Resources/Info.plist";
				INFOPLIST_KEY_UIApplicationSupportsIndirectInputEvents = YES;
				INFOPLIST_KEY_UILaunchStoryboardName = LaunchScreen;
				INFOPLIST_KEY_UIMainStoryboardFile = Main;
				INFOPLIST_KEY_UISupportedInterfaceOrientations_iPad = "UIInterfaceOrientationPortrait UIInterfaceOrientationPortraitUpsideDown UIInterfaceOrientationLandscapeLeft UIInterfaceOrientationLandscapeRight";
				INFOPLIST_KEY_UISupportedInterfaceOrientations_iPhone = "UIInterfaceOrientationPortrait UIInterfaceOrientationLandscapeLeft UIInterfaceOrientationLandscapeRight";
				LD_RUNPATH_SEARCH_PATHS = (
					"$(inherited)",
					"@executable_path/Frameworks",
				);
				MARKETING_VERSION = 1.0;
				PRODUCT_BUNDLE_IDENTIFIER = "com.ejmplo.ejemplo.strategy-tutorial";
				PRODUCT_NAME = "$(TARGET_NAME)";
				SWIFT_EMIT_LOC_STRINGS = YES;
				SWIFT_VERSION = 5.0;
				TARGETED_DEVICE_FAMILY = "1,2";
			};
			name = Debug;
		};
		6D2399F529EDD57800C12C0D /* Release */ = {
			isa = XCBuildConfiguration;
			buildSettings = {
				ASSETCATALOG_COMPILER_APPICON_NAME = AppIcon;
				ASSETCATALOG_COMPILER_GLOBAL_ACCENT_COLOR_NAME = AccentColor;
				CODE_SIGN_STYLE = Automatic;
				CURRENT_PROJECT_VERSION = 1;
				DEVELOPMENT_TEAM = QA93CB9DN5;
				GENERATE_INFOPLIST_FILE = YES;
				INFOPLIST_FILE = "strategy-tutorial/Resources/Info.plist";
				INFOPLIST_KEY_UIApplicationSupportsIndirectInputEvents = YES;
				INFOPLIST_KEY_UILaunchStoryboardName = LaunchScreen;
				INFOPLIST_KEY_UIMainStoryboardFile = Main;
				INFOPLIST_KEY_UISupportedInterfaceOrientations_iPad = "UIInterfaceOrientationPortrait UIInterfaceOrientationPortraitUpsideDown UIInterfaceOrientationLandscapeLeft UIInterfaceOrientationLandscapeRight";
				INFOPLIST_KEY_UISupportedInterfaceOrientations_iPhone = "UIInterfaceOrientationPortrait UIInterfaceOrientationLandscapeLeft UIInterfaceOrientationLandscapeRight";
				LD_RUNPATH_SEARCH_PATHS = (
					"$(inherited)",
					"@executable_path/Frameworks",
				);
				MARKETING_VERSION = 1.0;
				PRODUCT_BUNDLE_IDENTIFIER = "com.ejmplo.ejemplo.strategy-tutorial";
				PRODUCT_NAME = "$(TARGET_NAME)";
				SWIFT_EMIT_LOC_STRINGS = YES;
				SWIFT_VERSION = 5.0;
				TARGETED_DEVICE_FAMILY = "1,2";
			};
			name = Release;
		};
/* End XCBuildConfiguration section */

/* Begin XCConfigurationList section */
		6D2399DA29EDD57700C12C0D /* Build configuration list for PBXProject "strategy-tutorial" */ = {
			isa = XCConfigurationList;
			buildConfigurations = (
				6D2399F129EDD57800C12C0D /* Debug */,
				6D2399F229EDD57800C12C0D /* Release */,
			);
			defaultConfigurationIsVisible = 0;
			defaultConfigurationName = Release;
		};
		6D2399F329EDD57800C12C0D /* Build configuration list for PBXNativeTarget "strategy-tutorial" */ = {
			isa = XCConfigurationList;
			buildConfigurations = (
				6D2399F429EDD57800C12C0D /* Debug */,
				6D2399F529EDD57800C12C0D /* Release */,
			);
			defaultConfigurationIsVisible = 0;
			defaultConfigurationName = Release;
		};
/* End XCConfigurationList section */

/* Begin XCRemoteSwiftPackageReference section */
		6DF328922A15CC4300D6EB8E /* XCRemoteSwiftPackageReference "TinyConstraints" */ = {
			isa = XCRemoteSwiftPackageReference;
			repositoryURL = "https://github.com/roberthein/TinyConstraints";
			requirement = {
				kind = upToNextMajorVersion;
				minimumVersion = 4.0.0;
			};
		};
/* End XCRemoteSwiftPackageReference section */

/* Begin XCSwiftPackageProductDependency section */
		6DF328932A15CC4300D6EB8E /* TinyConstraints */ = {
			isa = XCSwiftPackageProductDependency;
			package = 6DF328922A15CC4300D6EB8E /* XCRemoteSwiftPackageReference "TinyConstraints" */;
			productName = TinyConstraints;
		};
/* End XCSwiftPackageProductDependency section */
	};
	rootObject = 6D2399D729EDD57700C12C0D /* Project object */;
}
